github.com/julienschmidt/httprouter v1.3.0 h1:U0609e9tgbseu3rBINet9P48AI/D3oJs4dN7jwJOQ1U=
github.com/julienschmidt/httprouter v1.3.0/go.mod h1:JR6WtHb+2LUe8TCKY3cZOxFyyO8IZAc4RVcycCCAKdM=
github.com/victorspringer/http-cache v0.0.0-20221205073845-df6d061f29cb h1:sbeLMSlr/x2xHfP02yKW5wofvzyBhsa2Z9r9iMjKpVA=
github.com/victorspringer/http-cache v0.0.0-20221205073845-df6d061f29cb/go.mod h1:D1AD6nlXv7HkIfTVd8ZWK1KQEiXYNy/LbLkx8H9tIQw=
